
Microsoft Visual Studio Solution File, Format Version 12.00
# Visual Studio 15
VisualStudioVersion = 15.0.27703.1
MinimumVisualStudioVersion = 10.0.40219.1
Project("{FAE04EC0-301F-11D3-BF4B-00C04F79EFBC}") = "WindowsFormsApp1", "WindowsFormsApp1\WindowsFormsApp1.csproj", "{18830500-E0C9-4DDA-824D-AF8A2C26345B}"
EndProject
Global
	GlobalSection(SolutionConfigurationPlatforms) = preSolution
		Debug|Any CPU = Debug|Any CPU
		Release|Any CPU = Release|Any CPU
	EndGlobalSection
	GlobalSection(ProjectConfigurationPlatforms) = postSolution
		{18830500-E0C9-4DDA-824D-AF8A2C26345B}.Debug|Any CPU.ActiveCfg = Debug|Any CPU
		{18830500-E0C9-4DDA-824D-AF8A2C26345B}.Debug|Any CPU.Build.0 = Debug|Any CPU
		{18830500-E0C9-4DDA-824D-AF8A2C26345B}.Release|Any CPU.ActiveCfg = Release|Any CPU
		{18830500-E0C9-4DDA-824D-AF8A2C26345B}.Release|Any CPU.Build.0 = Release|Any CPU
	EndGlobalSection
	GlobalSection(SolutionProperties) = preSolution
		HideSolutionNode = FALSE
	EndGlobalSection
	GlobalSection(ExtensibilityGlobals) = postSolution
		SolutionGuid = {42CF187C-9960-4C5B-B7B7-8256E06E23AB}
	EndGlobalSection
EndGlobal
